// !$*UTF8*$!
{
	archiveVersion = 1;
	classes = {
	};
	objectVersion = 77;
	objects = {

/* Begin PBXBuildFile section */
		72527150CD016A2A1FC162BA /* SentenceBuilderView.swift in Sources */ = {isa = PBXBuildFile; fileRef = 3C34CAEF02488FBAD2499ECA /* SentenceBuilderView.swift */; };
		BB000001F660000000000001 /* SRSCard.swift in Sources */ = {isa = PBXBuildFile; fileRef = BB000002F660000000000002 /* SRSCard.swift */; };
		BB000003F660000000000003 /* GameConstants.swift in Sources */ = {isa = PBXBuildFile; fileRef = BB000004F660000000000004 /* GameConstants.swift */; };
		7AF7AC62BA15F062BB6F5619 /* MatchingPairsView.swift in Sources */ = {isa = PBXBuildFile; fileRef = 092483147B22D6A13D637F22 /* MatchingPairsView.swift */; };
		AAAA00012F2A000000000001 /* ArabicLetter.swift in Sources */ = {isa = PBXBuildFile; fileRef = AAAA00002F2A000000000001 /* ArabicLetter.swift */; };
		AAAA00032F2A000000000002 /* LevelProgress.swift in Sources */ = {isa = PBXBuildFile; fileRef = AAAA00022F2A000000000002 /* LevelProgress.swift */; };
		AAAA00052F2A000000000003 /* UserProgress.swift in Sources */ = {isa = PBXBuildFile; fileRef = AAAA00042F2A000000000003 /* UserProgress.swift */; };
		AAAA00072F2A000000000004 /* DataManager.swift in Sources */ = {isa = PBXBuildFile; fileRef = AAAA00062F2A000000000004 /* DataManager.swift */; };
		AAAA00092F2A000000000005 /* LevelDetailView.swift in Sources */ = {isa = PBXBuildFile; fileRef = AAAA00082F2A000000000005 /* LevelDetailView.swift */; };
		AAAA000B2F2A000000000006 /* LetterLessonView.swift in Sources */ = {isa = PBXBuildFile; fileRef = AAAA000A2F2A000000000006 /* LetterLessonView.swift */; };
		AAAA00112F2A000000000011 /* FreeDrawingView.swift in Sources */ = {isa = PBXBuildFile; fileRef = AAAA00102F2A000000000010 /* FreeDrawingView.swift */; };
		AAAA01012F2B000000000101 /* DailyChallengeView.swift in Sources */ = {isa = PBXBuildFile; fileRef = AAAA01002F2B000000000100 /* DailyChallengeView.swift */; };
		AAAA01032F2B000000000101 /* DailyChallengeInviteView.swift in Sources */ = {isa = PBXBuildFile; fileRef = AAAA01022F2B000000000100 /* DailyChallengeInviteView.swift */; };
		D42BE3B561DC8ED228FDDB06 /* FlashcardLibraryView.swift in Sources */ = {isa = PBXBuildFile; fileRef = F1BDF66D2F2FB8C7008A9EBC /* FlashcardLibraryView.swift */; };
		EF4FDDA7B53521597D3AB3DA /* DictationView.swift in Sources */ = {isa = PBXBuildFile; fileRef = 1D1DA6863B69E96F484901DC /* DictationView.swift */; };
		F113767A2F291E5800D25275 /* LanguageManager.swift in Sources */ = {isa = PBXBuildFile; fileRef = F11376792F291E5800D25275 /* LanguageManager.swift */; };
		F113767C2F291F9B00D25275 /* Localizable.xcstrings in Resources */ = {isa = PBXBuildFile; fileRef = F113767B2F291F9B00D25275 /* Localizable.xcstrings */; };
		F17F53E32F391C4800670D3B /* UnifiedCelebrationView.swift in Sources */ = {isa = PBXBuildFile; fileRef = F17F53E22F391C4800670D3B /* UnifiedCelebrationView.swift */; };
		F190A1402F2B0F5B00F0A090 /* CelebrationOverlay.swift in Sources */ = {isa = PBXBuildFile; fileRef = F190A13A2F2B0F5B00F0A090 /* CelebrationOverlay.swift */; };
		F190A1412F2B0F5B00F0A090 /* ArabicFunFacts.swift in Sources */ = {isa = PBXBuildFile; fileRef = F190A1362F2B0F5B00F0A090 /* ArabicFunFacts.swift */; };
		F190A1422F2B0F5B00F0A090 /* RecognitionEngine.swift in Sources */ = {isa = PBXBuildFile; fileRef = F190A1342F2B0F5B00F0A090 /* RecognitionEngine.swift */; };
		F190A1432F2B0F5B00F0A090 /* LetterPresentationStep.swift in Sources */ = {isa = PBXBuildFile; fileRef = F190A13D2F2B0F5B00F0A090 /* LetterPresentationStep.swift */; };
		F190A1442F2B0F5B00F0A090 /* DrawingCanvasModel.swift in Sources */ = {isa = PBXBuildFile; fileRef = F190A1322F2B0F5B00F0A090 /* DrawingCanvasModel.swift */; };
		F190A1452F2B0F5B00F0A090 /* LessonHeader.swift in Sources */ = {isa = PBXBuildFile; fileRef = F190A13B2F2B0F5B00F0A090 /* LessonHeader.swift */; };
		F190A1462F2B0F5B00F0A090 /* LetterFormsStep.swift in Sources */ = {isa = PBXBuildFile; fileRef = F190A13C2F2B0F5B00F0A090 /* LetterFormsStep.swift */; };
		F190A1472F2B0F5B00F0A090 /* FreeDrawingCanvas.swift in Sources */ = {isa = PBXBuildFile; fileRef = F190A1332F2B0F5B00F0A090 /* FreeDrawingCanvas.swift */; };
		F190A1482F2B0F5B00F0A090 /* EmotionalMascot.swift in Sources */ = {isa = PBXBuildFile; fileRef = F190A1372F2B0F5B00F0A090 /* EmotionalMascot.swift */; };
		F190A1492F2B0F5B00F0A090 /* SpeechBubble.swift in Sources */ = {isa = PBXBuildFile; fileRef = F190A1382F2B0F5B00F0A090 /* SpeechBubble.swift */; };
		F190A14C2F2B0F6800F0A090 /* LetterFormType.swift in Sources */ = {isa = PBXBuildFile; fileRef = F190A14A2F2B0F6800F0A090 /* LetterFormType.swift */; };
		F1BDF6572F2FB868008A9EBC /* PracticeHeader.swift in Sources */ = {isa = PBXBuildFile; fileRef = F1BDF6532F2FB868008A9EBC /* PracticeHeader.swift */; };
		F1BDF6582F2FB868008A9EBC /* DailyChallengeCard.swift in Sources */ = {isa = PBXBuildFile; fileRef = F1BDF6522F2FB868008A9EBC /* DailyChallengeCard.swift */; };
		F1BDF6592F2FB868008A9EBC /* PracticeToolsGrid.swift in Sources */ = {isa = PBXBuildFile; fileRef = F1BDF6542F2FB868008A9EBC /* PracticeToolsGrid.swift */; };
		F1BDF65A2F2FB868008A9EBC /* WordsReviewList.swift in Sources */ = {isa = PBXBuildFile; fileRef = F1BDF6552F2FB868008A9EBC /* WordsReviewList.swift */; };
		F1BDF6652F2FB8A5008A9EBC /* SpeakingPracticeView.swift in Sources */ = {isa = PBXBuildFile; fileRef = F1BDF6632F2FB8A5008A9EBC /* SpeakingPracticeView.swift */; };
		F1BDF6662F2FB8A5008A9EBC /* ListeningComponents.swift in Sources */ = {isa = PBXBuildFile; fileRef = F1BDF65B2F2FB8A5008A9EBC /* ListeningComponents.swift */; };
		F1BDF6672F2FB8A5008A9EBC /* ListeningModuleView.swift in Sources */ = {isa = PBXBuildFile; fileRef = F1BDF65E2F2FB8A5008A9EBC /* ListeningModuleView.swift */; };
		F1BDF6682F2FB8A5008A9EBC /* MistakesReviewView.swift in Sources */ = {isa = PBXBuildFile; fileRef = F1BDF6602F2FB8A5008A9EBC /* MistakesReviewView.swift */; };
		F1BDF6692F2FB8A5008A9EBC /* AlphabetAudioView.swift in Sources */ = {isa = PBXBuildFile; fileRef = F1BDF65D2F2FB8A5008A9EBC /* AlphabetAudioView.swift */; };
		F1BDF66A2F2FB8A5008A9EBC /* PronunciationLibraryView.swift in Sources */ = {isa = PBXBuildFile; fileRef = F1BDF6622F2FB8A5008A9EBC /* PronunciationLibraryView.swift */; };
		F1BDF6702F2FB8C7008A9EBC /* ModernCardView.swift in Sources */ = {isa = PBXBuildFile; fileRef = F1BDF66B2F2FB8C7008A9EBC /* ModernCardView.swift */; };
		F1BDF6722F2FB8C7008A9EBC /* FlashcardsView.swift in Sources */ = {isa = PBXBuildFile; fileRef = F1BDF66E2F2FB8C7008A9EBC /* FlashcardsView.swift */; };
		F1BDF6792F2FB8DB008A9EBC /* DataLoader.swift in Sources */ = {isa = PBXBuildFile; fileRef = F1BDF6742F2FB8DB008A9EBC /* DataLoader.swift */; };
		F1BDF67A2F2FB8DB008A9EBC /* FlashcardManager.swift in Sources */ = {isa = PBXBuildFile; fileRef = F1BDF6752F2FB8DB008A9EBC /* FlashcardManager.swift */; };
		F1BDF67B2F2FB8DB008A9EBC /* AudioManager.swift in Sources */ = {isa = PBXBuildFile; fileRef = F1BDF6732F2FB8DB008A9EBC /* AudioManager.swift */; };
		F1BDF67C2F2FB8DB008A9EBC /* SpeechManager.swift in Sources */ = {isa = PBXBuildFile; fileRef = F1BDF6782F2FB8DB008A9EBC /* SpeechManager.swift */; };
		F1BDF67D2F2FB8DB008A9EBC /* HapticManager.swift in Sources */ = {isa = PBXBuildFile; fileRef = F1BDF6772F2FB8DB008A9EBC /* HapticManager.swift */; };
		F1BDF67E2F2FB8DB008A9EBC /* flashcards.json in Resources */ = {isa = PBXBuildFile; fileRef = F1BDF6762F2FB8DB008A9EBC /* flashcards.json */; };
		F1BDF6822F2FBAA8008A9EBC /* Flashcard.swift in Sources */ = {isa = PBXBuildFile; fileRef = F1BDF6812F2FBAA8008A9EBC /* Flashcard.swift */; };
		F1BDF6842F2FBB2F008A9EBC /* NotificationManager.swift in Sources */ = {isa = PBXBuildFile; fileRef = F1BDF6832F2FBB1F008A9EBC /* NotificationManager.swift */; };
		F1BDF6862F2FCA9B008A9EBC /* PhoneticDictionary.swift in Sources */ = {isa = PBXBuildFile; fileRef = F1BDF6852F2FCA9A008A9EBC /* PhoneticDictionary.swift */; };
		F1BDF6882F2FCF72008A9EBC /* TipBanner.swift in Sources */ = {isa = PBXBuildFile; fileRef = F1BDF6872F2FCF70008A9EBC /* TipBanner.swift */; };
		F1BDF68A2F2FD31B008A9EBC /* FactsData.swift in Sources */ = {isa = PBXBuildFile; fileRef = F1BDF6892F2FD31A008A9EBC /* FactsData.swift */; };
		F1C720702F32C36100EDA1E8 /* course_content.json in Resources */ = {isa = PBXBuildFile; fileRef = F1C7206F2F32C36100EDA1E8 /* course_content.json */; };
		F1C720722F34138C00EDA1E8 /* SRSEngine.swift in Sources */ = {isa = PBXBuildFile; fileRef = F1C720712F34138C00EDA1E8 /* SRSEngine.swift */; };
		F1C720742F34143500EDA1E8 /* SolarLunarLessonView.swift in Sources */ = {isa = PBXBuildFile; fileRef = F1C720732F34143500EDA1E8 /* SolarLunarLessonView.swift */; };
		F1C720762F34148F00EDA1E8 /* PhraseLessonView.swift in Sources */ = {isa = PBXBuildFile; fileRef = F1C720752F34148F00EDA1E8 /* PhraseLessonView.swift */; };
		F1DIA0022F3D0002008A9EBC /* DiacriticHelper.swift in Sources */ = {isa = PBXBuildFile; fileRef = F1DIA0012F3D0001008A9EBC /* DiacriticHelper.swift */; };
		F1E700052F50000100ABC105 /* FeedbackManager.swift in Sources */ = {isa = PBXBuildFile; fileRef = F1E700012F50000100ABC101 /* FeedbackManager.swift */; };
		F1E700062F50000100ABC106 /* PracticeContent.swift in Sources */ = {isa = PBXBuildFile; fileRef = F1E700022F50000100ABC102 /* PracticeContent.swift */; };
		F1E700072F50000100ABC107 /* PracticeChoiceExercises.swift in Sources */ = {isa = PBXBuildFile; fileRef = F1E700032F50000100ABC103 /* PracticeChoiceExercises.swift */; };
		F1E700082F50000100ABC108 /* ResourcesView.swift in Sources */ = {isa = PBXBuildFile; fileRef = F1E700042F50000100ABC104 /* ResourcesView.swift */; };
		F1E7000A2F50000100ABC10A /* ListeningPracticeView.swift in Sources */ = {isa = PBXBuildFile; fileRef = F1E700092F50000100ABC109 /* ListeningPracticeView.swift */; };
		F1FCEB372F28D60900AE6497 /* NoorineApp.swift in Sources */ = {isa = PBXBuildFile; fileRef = F1FCEB362F28D60900AE6497 /* NoorineApp.swift */; };
		F1FCEB392F28D60900AE6497 /* ContentView.swift in Sources */ = {isa = PBXBuildFile; fileRef = F1FCEB382F28D60900AE6497 /* ContentView.swift */; };
		F1FCEB3D2F28D60B00AE6497 /* Assets.xcassets in Resources */ = {isa = PBXBuildFile; fileRef = F1FCEB3C2F28D60B00AE6497 /* Assets.xcassets */; };
		F1FCEB652F28D84600AE6497 /* Theme.swift in Sources */ = {isa = PBXBuildFile; fileRef = F1FCEB642F28D84200AE6497 /* Theme.swift */; };
		F1FCEB6A2F28D8E700AE6497 /* SplashScreenView.swift in Sources */ = {isa = PBXBuildFile; fileRef = F1FCEB692F28D8E700AE6497 /* SplashScreenView.swift */; };
		F1FCEB6C2F2906AD00AE6497 /* NoorineMascot.swift in Sources */ = {isa = PBXBuildFile; fileRef = F1FCEB6B2F2906AD00AE6497 /* NoorineMascot.swift */; };
		F1FCEB722F2909E100AE6497 /* HomeView.swift in Sources */ = {isa = PBXBuildFile; fileRef = F1FCEB712F2909E100AE6497 /* HomeView.swift */; };
		F1FCEB742F2909EF00AE6497 /* PracticeView.swift in Sources */ = {isa = PBXBuildFile; fileRef = F1FCEB732F2909EF00AE6497 /* PracticeView.swift */; };
		F1FCEB762F2909FB00AE6497 /* ProfileView.swift in Sources */ = {isa = PBXBuildFile; fileRef = F1FCEB752F2909FB00AE6497 /* ProfileView.swift */; };
/* End PBXBuildFile section */

/* Begin PBXContainerItemProxy section */
		F1FCEB432F28D60B00AE6497 /* PBXContainerItemProxy */ = {
			isa = PBXContainerItemProxy;
			containerPortal = F1FCEB2B2F28D60900AE6497 /* Project object */;
			proxyType = 1;
			remoteGlobalIDString = F1FCEB322F28D60900AE6497;
			remoteInfo = Noorine;
		};
		F1FCEB4D2F28D60B00AE6497 /* PBXContainerItemProxy */ = {
			isa = PBXContainerItemProxy;
			containerPortal = F1FCEB2B2F28D60900AE6497 /* Project object */;
			proxyType = 1;
			remoteGlobalIDString = F1FCEB322F28D60900AE6497;
			remoteInfo = Noorine;
		};
/* End PBXContainerItemProxy section */

/* Begin PBXFileReference section */
		092483147B22D6A13D637F22 /* MatchingPairsView.swift */ = {isa = PBXFileReference; includeInIndex = 1; lastKnownFileType = sourcecode.swift; path = MatchingPairsView.swift; sourceTree = "<group>"; };
		BB000002F660000000000002 /* SRSCard.swift */ = {isa = PBXFileReference; lastKnownFileType = sourcecode.swift; path = SRSCard.swift; sourceTree = "<group>"; };
		BB000004F660000000000004 /* GameConstants.swift */ = {isa = PBXFileReference; lastKnownFileType = sourcecode.swift; path = GameConstants.swift; sourceTree = "<group>"; };
		1D1DA6863B69E96F484901DC /* DictationView.swift */ = {isa = PBXFileReference; includeInIndex = 1; lastKnownFileType = sourcecode.swift; path = DictationView.swift; sourceTree = "<group>"; };
		3C34CAEF02488FBAD2499ECA /* SentenceBuilderView.swift */ = {isa = PBXFileReference; includeInIndex = 1; lastKnownFileType = sourcecode.swift; path = SentenceBuilderView.swift; sourceTree = "<group>"; };
		AAAA00002F2A000000000001 /* ArabicLetter.swift */ = {isa = PBXFileReference; lastKnownFileType = sourcecode.swift; path = ArabicLetter.swift; sourceTree = "<group>"; };
		AAAA00022F2A000000000002 /* LevelProgress.swift */ = {isa = PBXFileReference; lastKnownFileType = sourcecode.swift; path = LevelProgress.swift; sourceTree = "<group>"; };
		AAAA00042F2A000000000003 /* UserProgress.swift */ = {isa = PBXFileReference; lastKnownFileType = sourcecode.swift; path = UserProgress.swift; sourceTree = "<group>"; };
		AAAA00062F2A000000000004 /* DataManager.swift */ = {isa = PBXFileReference; lastKnownFileType = sourcecode.swift; path = DataManager.swift; sourceTree = "<group>"; };
		AAAA00082F2A000000000005 /* LevelDetailView.swift */ = {isa = PBXFileReference; lastKnownFileType = sourcecode.swift; path = LevelDetailView.swift; sourceTree = "<group>"; };
		AAAA000A2F2A000000000006 /* LetterLessonView.swift */ = {isa = PBXFileReference; lastKnownFileType = sourcecode.swift; path = LetterLessonView.swift; sourceTree = "<group>"; };
		AAAA00102F2A000000000010 /* FreeDrawingView.swift */ = {isa = PBXFileReference; lastKnownFileType = sourcecode.swift; path = FreeDrawingView.swift; sourceTree = "<group>"; };
		AAAA01002F2B000000000100 /* DailyChallengeView.swift */ = {isa = PBXFileReference; lastKnownFileType = sourcecode.swift; path = DailyChallengeView.swift; sourceTree = "<group>"; };
		AAAA01022F2B000000000100 /* DailyChallengeInviteView.swift */ = {isa = PBXFileReference; lastKnownFileType = sourcecode.swift; path = DailyChallengeInviteView.swift; sourceTree = "<group>"; };
		F11376792F291E5800D25275 /* LanguageManager.swift */ = {isa = PBXFileReference; lastKnownFileType = sourcecode.swift; path = LanguageManager.swift; sourceTree = "<group>"; };
		F113767B2F291F9B00D25275 /* Localizable.xcstrings */ = {isa = PBXFileReference; lastKnownFileType = text.json.xcstrings; path = Localizable.xcstrings; sourceTree = "<group>"; };
		F17F53E22F391C4800670D3B /* UnifiedCelebrationView.swift */ = {isa = PBXFileReference; lastKnownFileType = sourcecode.swift; path = UnifiedCelebrationView.swift; sourceTree = "<group>"; };
		F190A12B2F2AFF2600F0A090 /* Noorine-Info.plist */ = {isa = PBXFileReference; lastKnownFileType = text.plist; path = "Noorine-Info.plist"; sourceTree = "<group>"; };
		F190A1322F2B0F5B00F0A090 /* DrawingCanvasModel.swift */ = {isa = PBXFileReference; lastKnownFileType = sourcecode.swift; path = DrawingCanvasModel.swift; sourceTree = "<group>"; };
		F190A1332F2B0F5B00F0A090 /* FreeDrawingCanvas.swift */ = {isa = PBXFileReference; lastKnownFileType = sourcecode.swift; path = FreeDrawingCanvas.swift; sourceTree = "<group>"; };
		F190A1342F2B0F5B00F0A090 /* RecognitionEngine.swift */ = {isa = PBXFileReference; lastKnownFileType = sourcecode.swift; path = RecognitionEngine.swift; sourceTree = "<group>"; };
		F190A1362F2B0F5B00F0A090 /* ArabicFunFacts.swift */ = {isa = PBXFileReference; lastKnownFileType = sourcecode.swift; path = ArabicFunFacts.swift; sourceTree = "<group>"; };
		F190A1372F2B0F5B00F0A090 /* EmotionalMascot.swift */ = {isa = PBXFileReference; lastKnownFileType = sourcecode.swift; path = EmotionalMascot.swift; sourceTree = "<group>"; };
		F190A1382F2B0F5B00F0A090 /* SpeechBubble.swift */ = {isa = PBXFileReference; lastKnownFileType = sourcecode.swift; path = SpeechBubble.swift; sourceTree = "<group>"; };
		F190A13A2F2B0F5B00F0A090 /* CelebrationOverlay.swift */ = {isa = PBXFileReference; lastKnownFileType = sourcecode.swift; path = CelebrationOverlay.swift; sourceTree = "<group>"; };
		F190A13B2F2B0F5B00F0A090 /* LessonHeader.swift */ = {isa = PBXFileReference; lastKnownFileType = sourcecode.swift; path = LessonHeader.swift; sourceTree = "<group>"; };
		F190A13C2F2B0F5B00F0A090 /* LetterFormsStep.swift */ = {isa = PBXFileReference; lastKnownFileType = sourcecode.swift; path = LetterFormsStep.swift; sourceTree = "<group>"; };
		F190A13D2F2B0F5B00F0A090 /* LetterPresentationStep.swift */ = {isa = PBXFileReference; lastKnownFileType = sourcecode.swift; path = LetterPresentationStep.swift; sourceTree = "<group>"; };
		F190A14A2F2B0F6800F0A090 /* LetterFormType.swift */ = {isa = PBXFileReference; lastKnownFileType = sourcecode.swift; path = LetterFormType.swift; sourceTree = "<group>"; };
		F1BDF6522F2FB868008A9EBC /* DailyChallengeCard.swift */ = {isa = PBXFileReference; lastKnownFileType = sourcecode.swift; path = DailyChallengeCard.swift; sourceTree = "<group>"; };
		F1BDF6532F2FB868008A9EBC /* PracticeHeader.swift */ = {isa = PBXFileReference; lastKnownFileType = sourcecode.swift; path = PracticeHeader.swift; sourceTree = "<group>"; };
		F1BDF6542F2FB868008A9EBC /* PracticeToolsGrid.swift */ = {isa = PBXFileReference; lastKnownFileType = sourcecode.swift; path = PracticeToolsGrid.swift; sourceTree = "<group>"; };
		F1BDF6552F2FB868008A9EBC /* WordsReviewList.swift */ = {isa = PBXFileReference; lastKnownFileType = sourcecode.swift; path = WordsReviewList.swift; sourceTree = "<group>"; };
		F1BDF65B2F2FB8A5008A9EBC /* ListeningComponents.swift */ = {isa = PBXFileReference; lastKnownFileType = sourcecode.swift; path = ListeningComponents.swift; sourceTree = "<group>"; };
		F1BDF65D2F2FB8A5008A9EBC /* AlphabetAudioView.swift */ = {isa = PBXFileReference; lastKnownFileType = sourcecode.swift; path = AlphabetAudioView.swift; sourceTree = "<group>"; };
		F1BDF65E2F2FB8A5008A9EBC /* ListeningModuleView.swift */ = {isa = PBXFileReference; lastKnownFileType = sourcecode.swift; path = ListeningModuleView.swift; sourceTree = "<group>"; };
		F1BDF6602F2FB8A5008A9EBC /* MistakesReviewView.swift */ = {isa = PBXFileReference; lastKnownFileType = sourcecode.swift; path = MistakesReviewView.swift; sourceTree = "<group>"; };
		F1BDF6622F2FB8A5008A9EBC /* PronunciationLibraryView.swift */ = {isa = PBXFileReference; lastKnownFileType = sourcecode.swift; path = PronunciationLibraryView.swift; sourceTree = "<group>"; };
		F1BDF6632F2FB8A5008A9EBC /* SpeakingPracticeView.swift */ = {isa = PBXFileReference; lastKnownFileType = sourcecode.swift; path = SpeakingPracticeView.swift; sourceTree = "<group>"; };
		F1BDF66B2F2FB8C7008A9EBC /* ModernCardView.swift */ = {isa = PBXFileReference; lastKnownFileType = sourcecode.swift; path = ModernCardView.swift; sourceTree = "<group>"; };
		F1BDF66D2F2FB8C7008A9EBC /* FlashcardLibraryView.swift */ = {isa = PBXFileReference; lastKnownFileType = sourcecode.swift; path = FlashcardLibraryView.swift; sourceTree = "<group>"; };
		F1BDF66E2F2FB8C7008A9EBC /* FlashcardsView.swift */ = {isa = PBXFileReference; lastKnownFileType = sourcecode.swift; path = FlashcardsView.swift; sourceTree = "<group>"; };
		F1BDF6732F2FB8DB008A9EBC /* AudioManager.swift */ = {isa = PBXFileReference; lastKnownFileType = sourcecode.swift; path = AudioManager.swift; sourceTree = "<group>"; };
		F1BDF6742F2FB8DB008A9EBC /* DataLoader.swift */ = {isa = PBXFileReference; lastKnownFileType = sourcecode.swift; path = DataLoader.swift; sourceTree = "<group>"; };
		F1BDF6752F2FB8DB008A9EBC /* FlashcardManager.swift */ = {isa = PBXFileReference; lastKnownFileType = sourcecode.swift; path = FlashcardManager.swift; sourceTree = "<group>"; };
		F1BDF6762F2FB8DB008A9EBC /* flashcards.json */ = {isa = PBXFileReference; lastKnownFileType = text.json; path = flashcards.json; sourceTree = "<group>"; };
		F1BDF6772F2FB8DB008A9EBC /* HapticManager.swift */ = {isa = PBXFileReference; lastKnownFileType = sourcecode.swift; path = HapticManager.swift; sourceTree = "<group>"; };
		F1BDF6782F2FB8DB008A9EBC /* SpeechManager.swift */ = {isa = PBXFileReference; lastKnownFileType = sourcecode.swift; path = SpeechManager.swift; sourceTree = "<group>"; };
		F1BDF6812F2FBAA8008A9EBC /* Flashcard.swift */ = {isa = PBXFileReference; lastKnownFileType = sourcecode.swift; path = Flashcard.swift; sourceTree = "<group>"; };
		F1BDF6832F2FBB1F008A9EBC /* NotificationManager.swift */ = {isa = PBXFileReference; lastKnownFileType = sourcecode.swift; path = NotificationManager.swift; sourceTree = "<group>"; };
		F1BDF6852F2FCA9A008A9EBC /* PhoneticDictionary.swift */ = {isa = PBXFileReference; lastKnownFileType = sourcecode.swift; path = PhoneticDictionary.swift; sourceTree = "<group>"; };
		F1BDF6872F2FCF70008A9EBC /* TipBanner.swift */ = {isa = PBXFileReference; lastKnownFileType = sourcecode.swift; path = TipBanner.swift; sourceTree = "<group>"; };
		F1BDF6892F2FD31A008A9EBC /* FactsData.swift */ = {isa = PBXFileReference; lastKnownFileType = sourcecode.swift; path = FactsData.swift; sourceTree = "<group>"; };
		F1C7206F2F32C36100EDA1E8 /* course_content.json */ = {isa = PBXFileReference; lastKnownFileType = text.json; path = course_content.json; sourceTree = "<group>"; };
		F1C720712F34138C00EDA1E8 /* SRSEngine.swift */ = {isa = PBXFileReference; lastKnownFileType = sourcecode.swift; path = SRSEngine.swift; sourceTree = "<group>"; };
		F1C720732F34143500EDA1E8 /* SolarLunarLessonView.swift */ = {isa = PBXFileReference; lastKnownFileType = sourcecode.swift; path = SolarLunarLessonView.swift; sourceTree = "<group>"; };
		F1C720752F34148F00EDA1E8 /* PhraseLessonView.swift */ = {isa = PBXFileReference; lastKnownFileType = sourcecode.swift; path = PhraseLessonView.swift; sourceTree = "<group>"; };
		F1DIA0012F3D0001008A9EBC /* DiacriticHelper.swift */ = {isa = PBXFileReference; lastKnownFileType = sourcecode.swift; path = DiacriticHelper.swift; sourceTree = "<group>"; };
		F1E700012F50000100ABC101 /* FeedbackManager.swift */ = {isa = PBXFileReference; lastKnownFileType = sourcecode.swift; path = FeedbackManager.swift; sourceTree = "<group>"; };
		F1E700022F50000100ABC102 /* PracticeContent.swift */ = {isa = PBXFileReference; lastKnownFileType = sourcecode.swift; path = PracticeContent.swift; sourceTree = "<group>"; };
		F1E700032F50000100ABC103 /* PracticeChoiceExercises.swift */ = {isa = PBXFileReference; lastKnownFileType = sourcecode.swift; path = PracticeChoiceExercises.swift; sourceTree = "<group>"; };
		F1E700042F50000100ABC104 /* ResourcesView.swift */ = {isa = PBXFileReference; lastKnownFileType = sourcecode.swift; path = ResourcesView.swift; sourceTree = "<group>"; };
		F1E700092F50000100ABC109 /* ListeningPracticeView.swift */ = {isa = PBXFileReference; lastKnownFileType = sourcecode.swift; path = ListeningPracticeView.swift; sourceTree = "<group>"; };
		F1FCEB332F28D60900AE6497 /* Noorine.app */ = {isa = PBXFileReference; explicitFileType = wrapper.application; includeInIndex = 0; path = Noorine.app; sourceTree = BUILT_PRODUCTS_DIR; };
		F1FCEB362F28D60900AE6497 /* NoorineApp.swift */ = {isa = PBXFileReference; lastKnownFileType = sourcecode.swift; path = NoorineApp.swift; sourceTree = "<group>"; };
		F1FCEB382F28D60900AE6497 /* ContentView.swift */ = {isa = PBXFileReference; lastKnownFileType = sourcecode.swift; path = ContentView.swift; sourceTree = "<group>"; };
		F1FCEB3C2F28D60B00AE6497 /* Assets.xcassets */ = {isa = PBXFileReference; lastKnownFileType = folder.assetcatalog; path = Assets.xcassets; sourceTree = "<group>"; };
		F1FCEB422F28D60B00AE6497 /* NoorineTests.xctest */ = {isa = PBXFileReference; explicitFileType = wrapper.cfbundle; includeInIndex = 0; path = NoorineTests.xctest; sourceTree = BUILT_PRODUCTS_DIR; };
		F1FCEB4C2F28D60B00AE6497 /* NoorineUITests.xctest */ = {isa = PBXFileReference; explicitFileType = wrapper.cfbundle; includeInIndex = 0; path = NoorineUITests.xctest; sourceTree = BUILT_PRODUCTS_DIR; };
		F1FCEB642F28D84200AE6497 /* Theme.swift */ = {isa = PBXFileReference; lastKnownFileType = sourcecode.swift; path = Theme.swift; sourceTree = "<group>"; };
		F1FCEB692F28D8E700AE6497 /* SplashScreenView.swift */ = {isa = PBXFileReference; lastKnownFileType = sourcecode.swift; path = SplashScreenView.swift; sourceTree = "<group>"; };
		F1FCEB6B2F2906AD00AE6497 /* NoorineMascot.swift */ = {isa = PBXFileReference; lastKnownFileType = sourcecode.swift; path = NoorineMascot.swift; sourceTree = "<group>"; };
		F1FCEB712F2909E100AE6497 /* HomeView.swift */ = {isa = PBXFileReference; lastKnownFileType = sourcecode.swift; path = HomeView.swift; sourceTree = "<group>"; };
		F1FCEB732F2909EF00AE6497 /* PracticeView.swift */ = {isa = PBXFileReference; lastKnownFileType = sourcecode.swift; path = PracticeView.swift; sourceTree = "<group>"; };
		F1FCEB752F2909FB00AE6497 /* ProfileView.swift */ = {isa = PBXFileReference; lastKnownFileType = sourcecode.swift; path = ProfileView.swift; sourceTree = "<group>"; };
/* End PBXFileReference section */

/* Begin PBXFileSystemSynchronizedRootGroup section */
		F1FCEB452F28D60B00AE6497 /* NoorineTests */ = {
			isa = PBXFileSystemSynchronizedRootGroup;
			path = NoorineTests;
			sourceTree = "<group>";
		};
		F1FCEB4F2F28D60B00AE6497 /* NoorineUITests */ = {
			isa = PBXFileSystemSynchronizedRootGroup;
			path = NoorineUITests;
			sourceTree = "<group>";
		};
/* End PBXFileSystemSynchronizedRootGroup section */

/* Begin PBXFrameworksBuildPhase section */
		F1FCEB302F28D60900AE6497 /* Frameworks */ = {
			isa = PBXFrameworksBuildPhase;
			buildActionMask = 2147483647;
			files = (
			);
			runOnlyForDeploymentPostprocessing = 0;
		};
		F1FCEB3F2F28D60B00AE6497 /* Frameworks */ = {
			isa = PBXFrameworksBuildPhase;
			buildActionMask = 2147483647;
			files = (
			);
			runOnlyForDeploymentPostprocessing = 0;
		};
		F1FCEB492F28D60B00AE6497 /* Frameworks */ = {
			isa = PBXFrameworksBuildPhase;
			buildActionMask = 2147483647;
			files = (
			);
			runOnlyForDeploymentPostprocessing = 0;
		};
/* End PBXFrameworksBuildPhase section */

/* Begin PBXGroup section */
		AAAA000C2F2A000000000007 /* Learning */ = {
			isa = PBXGroup;
			children = (
				AAAA00082F2A000000000005 /* LevelDetailView.swift */,
				AAAA000A2F2A000000000006 /* LetterLessonView.swift */,
				AAAA00102F2A000000000010 /* FreeDrawingView.swift */,
				F190A13F2F2B0F5B00F0A090 /* Components */,
				F190A14B2F2B0F6800F0A090 /* Models */,
				F1C720732F34143500EDA1E8 /* SolarLunarLessonView.swift */,
				F1C720752F34148F00EDA1E8 /* PhraseLessonView.swift */,
			);
			path = Learning;
			sourceTree = "<group>";
		};
		F190A1352F2B0F5B00F0A090 /* Drawing */ = {
			isa = PBXGroup;
			children = (
				F190A1322F2B0F5B00F0A090 /* DrawingCanvasModel.swift */,
				F190A1332F2B0F5B00F0A090 /* FreeDrawingCanvas.swift */,
				F190A1342F2B0F5B00F0A090 /* RecognitionEngine.swift */,
			);
			path = Drawing;
			sourceTree = "<group>";
		};
		F190A1392F2B0F5B00F0A090 /* Mascot */ = {
			isa = PBXGroup;
			children = (
				F190A1362F2B0F5B00F0A090 /* ArabicFunFacts.swift */,
				F190A1372F2B0F5B00F0A090 /* EmotionalMascot.swift */,
				F190A1382F2B0F5B00F0A090 /* SpeechBubble.swift */,
			);
			path = Mascot;
			sourceTree = "<group>";
		};
		F190A13E2F2B0F5B00F0A090 /* Steps */ = {
			isa = PBXGroup;
			children = (
				F190A13A2F2B0F5B00F0A090 /* CelebrationOverlay.swift */,
				F190A13B2F2B0F5B00F0A090 /* LessonHeader.swift */,
				F190A13C2F2B0F5B00F0A090 /* LetterFormsStep.swift */,
				F190A13D2F2B0F5B00F0A090 /* LetterPresentationStep.swift */,
			);
			path = Steps;
			sourceTree = "<group>";
		};
		F190A13F2F2B0F5B00F0A090 /* Components */ = {
			isa = PBXGroup;
			children = (
				F190A1352F2B0F5B00F0A090 /* Drawing */,
				F190A1392F2B0F5B00F0A090 /* Mascot */,
				F190A13E2F2B0F5B00F0A090 /* Steps */,
				F17F53E22F391C4800670D3B /* UnifiedCelebrationView.swift */,
			);
			path = Components;
			sourceTree = "<group>";
		};
		F190A14B2F2B0F6800F0A090 /* Models */ = {
			isa = PBXGroup;
			children = (
				F190A14A2F2B0F6800F0A090 /* LetterFormType.swift */,
			);
			path = Models;
			sourceTree = "<group>";
		};
		F1BDF6562F2FB868008A9EBC /* Components */ = {
			isa = PBXGroup;
			children = (
				F1BDF6522F2FB868008A9EBC /* DailyChallengeCard.swift */,
				F1BDF6532F2FB868008A9EBC /* PracticeHeader.swift */,
				F1BDF6542F2FB868008A9EBC /* PracticeToolsGrid.swift */,
				F1BDF6552F2FB868008A9EBC /* WordsReviewList.swift */,
				F1E700032F50000100ABC103 /* PracticeChoiceExercises.swift */,
			);
			path = Components;
			sourceTree = "<group>";
		};
		F1BDF65C2F2FB8A5008A9EBC /* Components */ = {
			isa = PBXGroup;
			children = (
				F1BDF65B2F2FB8A5008A9EBC /* ListeningComponents.swift */,
			);
			path = Components;
			sourceTree = "<group>";
		};
		F1BDF65F2F2FB8A5008A9EBC /* Listening */ = {
			isa = PBXGroup;
			children = (
				F1BDF65C2F2FB8A5008A9EBC /* Components */,
				F1BDF65D2F2FB8A5008A9EBC /* AlphabetAudioView.swift */,
				F1BDF65E2F2FB8A5008A9EBC /* ListeningModuleView.swift */,
				F1E700092F50000100ABC109 /* ListeningPracticeView.swift */,
			);
			path = Listening;
			sourceTree = "<group>";
		};
		F1BDF6612F2FB8A5008A9EBC /* Mistakes */ = {
			isa = PBXGroup;
			children = (
				F1BDF6602F2FB8A5008A9EBC /* MistakesReviewView.swift */,
			);
			path = Mistakes;
			sourceTree = "<group>";
		};
		F1BDF6642F2FB8A5008A9EBC /* Speaking */ = {
			isa = PBXGroup;
			children = (
				F1BDF6622F2FB8A5008A9EBC /* PronunciationLibraryView.swift */,
				F1BDF6632F2FB8A5008A9EBC /* SpeakingPracticeView.swift */,
			);
			path = Speaking;
			sourceTree = "<group>";
		};
		F1BDF66C2F2FB8C7008A9EBC /* Components */ = {
			isa = PBXGroup;
			children = (
				F1BDF66B2F2FB8C7008A9EBC /* ModernCardView.swift */,
			);
			path = Components;
			sourceTree = "<group>";
		};
		F1BDF66F2F2FB8C7008A9EBC /* Flashcards */ = {
			isa = PBXGroup;
			children = (
				F1BDF66C2F2FB8C7008A9EBC /* Components */,
				F1BDF66D2F2FB8C7008A9EBC /* FlashcardLibraryView.swift */,
				F1BDF66E2F2FB8C7008A9EBC /* FlashcardsView.swift */,
			);
			path = Flashcards;
			sourceTree = "<group>";
		};
		F1FCEB2A2F28D60900AE6497 = {
			isa = PBXGroup;
			children = (
				F190A12B2F2AFF2600F0A090 /* Noorine-Info.plist */,
				F1FCEB632F28D79800AE6497 /* Models */,
				F1FCEB622F28D78C00AE6497 /* Features */,
				F1FCEB612F28D77F00AE6497 /* DesignSystem */,
				F1FCEB602F28D77000AE6497 /* Core */,
				F1FCEB5F2F28D6D000AE6497 /* App */,
				F1FCEB452F28D60B00AE6497 /* NoorineTests */,
				F1FCEB4F2F28D60B00AE6497 /* NoorineUITests */,
				F1FCEB342F28D60900AE6497 /* Products */,
			);
			sourceTree = "<group>";
		};
		F1FCEB342F28D60900AE6497 /* Products */ = {
			isa = PBXGroup;
			children = (
				F1FCEB332F28D60900AE6497 /* Noorine.app */,
				F1FCEB422F28D60B00AE6497 /* NoorineTests.xctest */,
				F1FCEB4C2F28D60B00AE6497 /* NoorineUITests.xctest */,
			);
			name = Products;
			sourceTree = "<group>";
		};
		F1FCEB5F2F28D6D000AE6497 /* App */ = {
			isa = PBXGroup;
			children = (
				F1FCEB362F28D60900AE6497 /* NoorineApp.swift */,
			);
			path = App;
			sourceTree = "<group>";
		};
		F1FCEB602F28D77000AE6497 /* Core */ = {
			isa = PBXGroup;
			children = (
				F1BDF6892F2FD31A008A9EBC /* FactsData.swift */,
				F1BDF6852F2FCA9A008A9EBC /* PhoneticDictionary.swift */,
				F1BDF6832F2FBB1F008A9EBC /* NotificationManager.swift */,
				F1BDF6732F2FB8DB008A9EBC /* AudioManager.swift */,
				F1DIA0012F3D0001008A9EBC /* DiacriticHelper.swift */,
				F1BDF6742F2FB8DB008A9EBC /* DataLoader.swift */,
				F1BDF6752F2FB8DB008A9EBC /* FlashcardManager.swift */,
				F1BDF6762F2FB8DB008A9EBC /* flashcards.json */,
				F1BDF6772F2FB8DB008A9EBC /* HapticManager.swift */,
				F1E700012F50000100ABC101 /* FeedbackManager.swift */,
				F1E700022F50000100ABC102 /* PracticeContent.swift */,
				F1BDF6782F2FB8DB008A9EBC /* SpeechManager.swift */,
				F11376792F291E5800D25275 /* LanguageManager.swift */,
				AAAA00062F2A000000000004 /* DataManager.swift */,
				F1C7206F2F32C36100EDA1E8 /* course_content.json */,
				F1C720712F34138C00EDA1E8 /* SRSEngine.swift */,
				BB000004F660000000000004 /* GameConstants.swift */,
			);
			path = Core;
			sourceTree = "<group>";
		};
		F1FCEB612F28D77F00AE6497 /* DesignSystem */ = {
			isa = PBXGroup;
			children = (
				F1BDF6872F2FCF70008A9EBC /* TipBanner.swift */,
				F1FCEB642F28D84200AE6497 /* Theme.swift */,
				F1FCEB3C2F28D60B00AE6497 /* Assets.xcassets */,
				F1FCEB6B2F2906AD00AE6497 /* NoorineMascot.swift */,
			);
			path = DesignSystem;
			sourceTree = "<group>";
		};
		F1FCEB622F28D78C00AE6497 /* Features */ = {
			isa = PBXGroup;
			children = (
				F1BDF66F2F2FB8C7008A9EBC /* Flashcards */,
				F1BDF65F2F2FB8A5008A9EBC /* Listening */,
				F1BDF6612F2FB8A5008A9EBC /* Mistakes */,
				F1BDF6642F2FB8A5008A9EBC /* Speaking */,
				AAAA000C2F2A000000000007 /* Learning */,
				F1FCEB702F2909CF00AE6497 /* Profile */,
				F1FCEB6F2F2909C800AE6497 /* Practice */,
				F1FCEB6D2F2909AC00AE6497 /* Home */,
				F1FCEB662F28D89100AE6497 /* Onboarding */,
				F1FCEB382F28D60900AE6497 /* ContentView.swift */,
			);
			path = Features;
			sourceTree = "<group>";
		};
		F1FCEB632F28D79800AE6497 /* Models */ = {
			isa = PBXGroup;
			children = (
				F1BDF6812F2FBAA8008A9EBC /* Flashcard.swift */,
				AAAA00002F2A000000000001 /* ArabicLetter.swift */,
				AAAA00022F2A000000000002 /* LevelProgress.swift */,
				AAAA00042F2A000000000003 /* UserProgress.swift */,
				BB000002F660000000000002 /* SRSCard.swift */,
			);
			path = Models;
			sourceTree = "<group>";
		};
		F1FCEB662F28D89100AE6497 /* Onboarding */ = {
			isa = PBXGroup;
			children = (
				F1FCEB692F28D8E700AE6497 /* SplashScreenView.swift */,
			);
			path = Onboarding;
			sourceTree = "<group>";
		};
		F1FCEB6D2F2909AC00AE6497 /* Home */ = {
			isa = PBXGroup;
			children = (
				F1FCEB712F2909E100AE6497 /* HomeView.swift */,
			);
			path = Home;
			sourceTree = "<group>";
		};
		F1FCEB6F2F2909C800AE6497 /* Practice */ = {
			isa = PBXGroup;
			children = (
				F1BDF6562F2FB868008A9EBC /* Components */,
				F1FCEB732F2909EF00AE6497 /* PracticeView.swift */,
				F1E700042F50000100ABC104 /* ResourcesView.swift */,
				AAAA01002F2B000000000100 /* DailyChallengeView.swift */,
				AAAA01022F2B000000000100 /* DailyChallengeInviteView.swift */,
				092483147B22D6A13D637F22 /* MatchingPairsView.swift */,
				1D1DA6863B69E96F484901DC /* DictationView.swift */,
				3C34CAEF02488FBAD2499ECA /* SentenceBuilderView.swift */,
			);
			path = Practice;
			sourceTree = "<group>";
		};
		F1FCEB702F2909CF00AE6497 /* Profile */ = {
			isa = PBXGroup;
			children = (
				F1FCEB752F2909FB00AE6497 /* ProfileView.swift */,
				F113767B2F291F9B00D25275 /* Localizable.xcstrings */,
			);
			path = Profile;
			sourceTree = "<group>";
		};
/* End PBXGroup section */

/* Begin PBXNativeTarget section */
		F1FCEB322F28D60900AE6497 /* Noorine */ = {
			isa = PBXNativeTarget;
			buildConfigurationList = F1FCEB562F28D60B00AE6497 /* Build configuration list for PBXNativeTarget "Noorine" */;
			buildPhases = (
				F1FCEB2F2F28D60900AE6497 /* Sources */,
				F1FCEB302F28D60900AE6497 /* Frameworks */,
				F1FCEB312F28D60900AE6497 /* Resources */,
			);
			buildRules = (
			);
			dependencies = (
			);
			name = Noorine;
			productName = Noorine;
			productReference = F1FCEB332F28D60900AE6497 /* Noorine.app */;
			productType = "com.apple.product-type.application";
		};
		F1FCEB412F28D60B00AE6497 /* NoorineTests */ = {
			isa = PBXNativeTarget;
			buildConfigurationList = F1FCEB592F28D60B00AE6497 /* Build configuration list for PBXNativeTarget "NoorineTests" */;
			buildPhases = (
				F1FCEB3E2F28D60B00AE6497 /* Sources */,
				F1FCEB3F2F28D60B00AE6497 /* Frameworks */,
				F1FCEB402F28D60B00AE6497 /* Resources */,
			);
			buildRules = (
			);
			dependencies = (
				F1FCEB442F28D60B00AE6497 /* PBXTargetDependency */,
			);
			fileSystemSynchronizedGroups = (
				F1FCEB452F28D60B00AE6497 /* NoorineTests */,
			);
			name = NoorineTests;
			productName = NoorineTests;
			productReference = F1FCEB422F28D60B00AE6497 /* NoorineTests.xctest */;
			productType = "com.apple.product-type.bundle.unit-test";
		};
		F1FCEB4B2F28D60B00AE6497 /* NoorineUITests */ = {
			isa = PBXNativeTarget;
			buildConfigurationList = F1FCEB5C2F28D60B00AE6497 /* Build configuration list for PBXNativeTarget "NoorineUITests" */;
			buildPhases = (
				F1FCEB482F28D60B00AE6497 /* Sources */,
				F1FCEB492F28D60B00AE6497 /* Frameworks */,
				F1FCEB4A2F28D60B00AE6497 /* Resources */,
			);
			buildRules = (
			);
			dependencies = (
				F1FCEB4E2F28D60B00AE6497 /* PBXTargetDependency */,
			);
			fileSystemSynchronizedGroups = (
				F1FCEB4F2F28D60B00AE6497 /* NoorineUITests */,
			);
			name = NoorineUITests;
			productName = NoorineUITests;
			productReference = F1FCEB4C2F28D60B00AE6497 /* NoorineUITests.xctest */;
			productType = "com.apple.product-type.bundle.ui-testing";
		};
/* End PBXNativeTarget section */

/* Begin PBXProject section */
		F1FCEB2B2F28D60900AE6497 /* Project object */ = {
			isa = PBXProject;
			attributes = {
				BuildIndependentTargetsInParallel = 1;
				LastSwiftUpdateCheck = 2620;
				LastUpgradeCheck = 2630;
				TargetAttributes = {
					F1FCEB322F28D60900AE6497 = {
						CreatedOnToolsVersion = 26.2;
					};
					F1FCEB412F28D60B00AE6497 = {
						CreatedOnToolsVersion = 26.2;
						TestTargetID = F1FCEB322F28D60900AE6497;
					};
					F1FCEB4B2F28D60B00AE6497 = {
						CreatedOnToolsVersion = 26.2;
						TestTargetID = F1FCEB322F28D60900AE6497;
					};
				};
			};
			buildConfigurationList = F1FCEB2E2F28D60900AE6497 /* Build configuration list for PBXProject "Noorine" */;
			developmentRegion = en;
			hasScannedForEncodings = 0;
			knownRegions = (
				en,
				Base,
				fr,
			);
			mainGroup = F1FCEB2A2F28D60900AE6497;
			minimizedProjectReferenceProxies = 1;
			preferredProjectObjectVersion = 77;
			productRefGroup = F1FCEB342F28D60900AE6497 /* Products */;
			projectDirPath = "";
			projectRoot = "";
			targets = (
				F1FCEB322F28D60900AE6497 /* Noorine */,
				F1FCEB412F28D60B00AE6497 /* NoorineTests */,
				F1FCEB4B2F28D60B00AE6497 /* NoorineUITests */,
			);
		};
/* End PBXProject section */

/* Begin PBXResourcesBuildPhase section */
		F1FCEB312F28D60900AE6497 /* Resources */ = {
			isa = PBXResourcesBuildPhase;
			buildActionMask = 2147483647;
			files = (
				F113767C2F291F9B00D25275 /* Localizable.xcstrings in Resources */,
				F1BDF67E2F2FB8DB008A9EBC /* flashcards.json in Resources */,
				F1C720702F32C36100EDA1E8 /* course_content.json in Resources */,
				F1FCEB3D2F28D60B00AE6497 /* Assets.xcassets in Resources */,
			);
			runOnlyForDeploymentPostprocessing = 0;
		};
		F1FCEB402F28D60B00AE6497 /* Resources */ = {
			isa = PBXResourcesBuildPhase;
			buildActionMask = 2147483647;
			files = (
			);
			runOnlyForDeploymentPostprocessing = 0;
		};
		F1FCEB4A2F28D60B00AE6497 /* Resources */ = {
			isa = PBXResourcesBuildPhase;
			buildActionMask = 2147483647;
			files = (
			);
			runOnlyForDeploymentPostprocessing = 0;
		};
/* End PBXResourcesBuildPhase section */

/* Begin PBXSourcesBuildPhase section */
		F1FCEB2F2F28D60900AE6497 /* Sources */ = {
			isa = PBXSourcesBuildPhase;
			buildActionMask = 2147483647;
			files = (
				F1FCEB392F28D60900AE6497 /* ContentView.swift in Sources */,
				F1FCEB762F2909FB00AE6497 /* ProfileView.swift in Sources */,
				F1BDF6882F2FCF72008A9EBC /* TipBanner.swift in Sources */,
				F1C720762F34148F00EDA1E8 /* PhraseLessonView.swift in Sources */,
				F1FCEB722F2909E100AE6497 /* HomeView.swift in Sources */,
				F1BDF6702F2FB8C7008A9EBC /* ModernCardView.swift in Sources */,
				F1BDF6862F2FCA9B008A9EBC /* PhoneticDictionary.swift in Sources */,
				F1BDF6722F2FB8C7008A9EBC /* FlashcardsView.swift in Sources */,
				F1C720742F34143500EDA1E8 /* SolarLunarLessonView.swift in Sources */,
				F1FCEB652F28D84600AE6497 /* Theme.swift in Sources */,
				F1FCEB742F2909EF00AE6497 /* PracticeView.swift in Sources */,
				F1C720722F34138C00EDA1E8 /* SRSEngine.swift in Sources */,
				F1FCEB6A2F28D8E700AE6497 /* SplashScreenView.swift in Sources */,
				F1FCEB372F28D60900AE6497 /* NoorineApp.swift in Sources */,
				F1FCEB6C2F2906AD00AE6497 /* NoorineMascot.swift in Sources */,
				F113767A2F291E5800D25275 /* LanguageManager.swift in Sources */,
				F1BDF6572F2FB868008A9EBC /* PracticeHeader.swift in Sources */,
				F1BDF6582F2FB868008A9EBC /* DailyChallengeCard.swift in Sources */,
				F1BDF6592F2FB868008A9EBC /* PracticeToolsGrid.swift in Sources */,
				F1BDF68A2F2FD31B008A9EBC /* FactsData.swift in Sources */,
				F1BDF65A2F2FB868008A9EBC /* WordsReviewList.swift in Sources */,
				F1E700072F50000100ABC107 /* PracticeChoiceExercises.swift in Sources */,
				F1E700082F50000100ABC108 /* ResourcesView.swift in Sources */,
				AAAA00012F2A000000000001 /* ArabicLetter.swift in Sources */,
				AAAA00032F2A000000000002 /* LevelProgress.swift in Sources */,
				F1BDF6822F2FBAA8008A9EBC /* Flashcard.swift in Sources */,
				AAAA00052F2A000000000003 /* UserProgress.swift in Sources */,
				F190A1402F2B0F5B00F0A090 /* CelebrationOverlay.swift in Sources */,
				F190A1412F2B0F5B00F0A090 /* ArabicFunFacts.swift in Sources */,
				F190A1422F2B0F5B00F0A090 /* RecognitionEngine.swift in Sources */,
				F190A1432F2B0F5B00F0A090 /* LetterPresentationStep.swift in Sources */,
				F190A1442F2B0F5B00F0A090 /* DrawingCanvasModel.swift in Sources */,
				F1BDF6652F2FB8A5008A9EBC /* SpeakingPracticeView.swift in Sources */,
				F1BDF6662F2FB8A5008A9EBC /* ListeningComponents.swift in Sources */,
				F1BDF6672F2FB8A5008A9EBC /* ListeningModuleView.swift in Sources */,
				F1E7000A2F50000100ABC10A /* ListeningPracticeView.swift in Sources */,
				F1BDF6682F2FB8A5008A9EBC /* MistakesReviewView.swift in Sources */,
				F1BDF6692F2FB8A5008A9EBC /* AlphabetAudioView.swift in Sources */,
				F1BDF6792F2FB8DB008A9EBC /* DataLoader.swift in Sources */,
				F1BDF67A2F2FB8DB008A9EBC /* FlashcardManager.swift in Sources */,
				F1BDF67B2F2FB8DB008A9EBC /* AudioManager.swift in Sources */,
				F1DIA0022F3D0002008A9EBC /* DiacriticHelper.swift in Sources */,
				F1BDF67C2F2FB8DB008A9EBC /* SpeechManager.swift in Sources */,
				F1BDF67D2F2FB8DB008A9EBC /* HapticManager.swift in Sources */,
				F1E700052F50000100ABC105 /* FeedbackManager.swift in Sources */,
				F1E700062F50000100ABC106 /* PracticeContent.swift in Sources */,
				F1BDF66A2F2FB8A5008A9EBC /* PronunciationLibraryView.swift in Sources */,
				F190A1452F2B0F5B00F0A090 /* LessonHeader.swift in Sources */,
				F190A1462F2B0F5B00F0A090 /* LetterFormsStep.swift in Sources */,
				F190A1472F2B0F5B00F0A090 /* FreeDrawingCanvas.swift in Sources */,
				F190A14C2F2B0F6800F0A090 /* LetterFormType.swift in Sources */,
				F190A1482F2B0F5B00F0A090 /* EmotionalMascot.swift in Sources */,
				F17F53E32F391C4800670D3B /* UnifiedCelebrationView.swift in Sources */,
				F190A1492F2B0F5B00F0A090 /* SpeechBubble.swift in Sources */,
				AAAA00072F2A000000000004 /* DataManager.swift in Sources */,
				AAAA00092F2A000000000005 /* LevelDetailView.swift in Sources */,
				AAAA000B2F2A000000000006 /* LetterLessonView.swift in Sources */,
				AAAA00112F2A000000000011 /* FreeDrawingView.swift in Sources */,
				F1BDF6842F2FBB2F008A9EBC /* NotificationManager.swift in Sources */,
				AAAA01012F2B000000000101 /* DailyChallengeView.swift in Sources */,
				AAAA01032F2B000000000101 /* DailyChallengeInviteView.swift in Sources */,
				7AF7AC62BA15F062BB6F5619 /* MatchingPairsView.swift in Sources */,
				EF4FDDA7B53521597D3AB3DA /* DictationView.swift in Sources */,
				72527150CD016A2A1FC162BA /* SentenceBuilderView.swift in Sources */,
				D42BE3B561DC8ED228FDDB06 /* FlashcardLibraryView.swift in Sources */,
				BB000001F660000000000001 /* SRSCard.swift in Sources */,
				BB000003F660000000000003 /* GameConstants.swift in Sources */,
			);
			runOnlyForDeploymentPostprocessing = 0;
		};
		F1FCEB3E2F28D60B00AE6497 /* Sources */ = {
			isa = PBXSourcesBuildPhase;
			buildActionMask = 2147483647;
			files = (
			);
			runOnlyForDeploymentPostprocessing = 0;
		};
		F1FCEB482F28D60B00AE6497 /* Sources */ = {
			isa = PBXSourcesBuildPhase;
			buildActionMask = 2147483647;
			files = (
			);
			runOnlyForDeploymentPostprocessing = 0;
		};
/* End PBXSourcesBuildPhase section */

/* Begin PBXTargetDependency section */
		F1FCEB442F28D60B00AE6497 /* PBXTargetDependency */ = {
			isa = PBXTargetDependency;
			target = F1FCEB322F28D60900AE6497 /* Noorine */;
			targetProxy = F1FCEB432F28D60B00AE6497 /* PBXContainerItemProxy */;
		};
		F1FCEB4E2F28D60B00AE6497 /* PBXTargetDependency */ = {
			isa = PBXTargetDependency;
			target = F1FCEB322F28D60900AE6497 /* Noorine */;
			targetProxy = F1FCEB4D2F28D60B00AE6497 /* PBXContainerItemProxy */;
		};
/* End PBXTargetDependency section */

/* Begin XCBuildConfiguration section */
		F1FCEB542F28D60B00AE6497 /* Debug */ = {
			isa = XCBuildConfiguration;
			buildSettings = {
				ALWAYS_SEARCH_USER_PATHS = NO;
				ASSETCATALOG_COMPILER_GENERATE_SWIFT_ASSET_SYMBOL_EXTENSIONS = YES;
				CLANG_ANALYZER_LOCALIZABILITY_NONLOCALIZED = YES;
				CLANG_ANALYZER_NONNULL = YES;
				CLANG_ANALYZER_NUMBER_OBJECT_CONVERSION = YES_AGGRESSIVE;
				CLANG_CXX_LANGUAGE_STANDARD = "gnu++20";
				CLANG_ENABLE_MODULES = YES;
				CLANG_ENABLE_OBJC_ARC = YES;
				CLANG_ENABLE_OBJC_WEAK = YES;
				CLANG_WARN_BLOCK_CAPTURE_AUTORELEASING = YES;
				CLANG_WARN_BOOL_CONVERSION = YES;
				CLANG_WARN_COMMA = YES;
				CLANG_WARN_CONSTANT_CONVERSION = YES;
				CLANG_WARN_DEPRECATED_OBJC_IMPLEMENTATIONS = YES;
				CLANG_WARN_DIRECT_OBJC_ISA_USAGE = YES_ERROR;
				CLANG_WARN_DOCUMENTATION_COMMENTS = YES;
				CLANG_WARN_EMPTY_BODY = YES;
				CLANG_WARN_ENUM_CONVERSION = YES;
				CLANG_WARN_INFINITE_RECURSION = YES;
				CLANG_WARN_INT_CONVERSION = YES;
				CLANG_WARN_NON_LITERAL_NULL_CONVERSION = YES;
				CLANG_WARN_OBJC_IMPLICIT_RETAIN_SELF = YES;
				CLANG_WARN_OBJC_LITERAL_CONVERSION = YES;
				CLANG_WARN_OBJC_ROOT_CLASS = YES_ERROR;
				CLANG_WARN_QUOTED_INCLUDE_IN_FRAMEWORK_HEADER = YES;
				CLANG_WARN_RANGE_LOOP_ANALYSIS = YES;
				CLANG_WARN_STRICT_PROTOTYPES = YES;
				CLANG_WARN_SUSPICIOUS_MOVE = YES;
				CLANG_WARN_UNGUARDED_AVAILABILITY = YES_AGGRESSIVE;
				CLANG_WARN_UNREACHABLE_CODE = YES;
				CLANG_WARN__DUPLICATE_METHOD_MATCH = YES;
				COPY_PHASE_STRIP = NO;
				DEBUG_INFORMATION_FORMAT = dwarf;
				DEVELOPMENT_TEAM = 25FS3X3RCW;
				ENABLE_STRICT_OBJC_MSGSEND = YES;
				ENABLE_TESTABILITY = YES;
				ENABLE_USER_SCRIPT_SANDBOXING = YES;
				GCC_C_LANGUAGE_STANDARD = gnu17;
				GCC_DYNAMIC_NO_PIC = NO;
				GCC_NO_COMMON_BLOCKS = YES;
				GCC_OPTIMIZATION_LEVEL = 0;
				GCC_PREPROCESSOR_DEFINITIONS = (
					"DEBUG=1",
					"$(inherited)",
				);
				GCC_WARN_64_TO_32_BIT_CONVERSION = YES;
				GCC_WARN_ABOUT_RETURN_TYPE = YES_ERROR;
				GCC_WARN_UNDECLARED_SELECTOR = YES;
				GCC_WARN_UNINITIALIZED_AUTOS = YES_AGGRESSIVE;
				GCC_WARN_UNUSED_FUNCTION = YES;
				GCC_WARN_UNUSED_VARIABLE = YES;
				IPHONEOS_DEPLOYMENT_TARGET = 26.1;
				LOCALIZATION_PREFERS_STRING_CATALOGS = YES;
				MTL_ENABLE_DEBUG_INFO = INCLUDE_SOURCE;
				MTL_FAST_MATH = YES;
				ONLY_ACTIVE_ARCH = YES;
				SDKROOT = iphoneos;
				STRING_CATALOG_GENERATE_SYMBOLS = YES;
				SWIFT_ACTIVE_COMPILATION_CONDITIONS = "DEBUG $(inherited)";
				SWIFT_EMIT_LOC_STRINGS = YES;
				SWIFT_OPTIMIZATION_LEVEL = "-Onone";
			};
			name = Debug;
		};
		F1FCEB552F28D60B00AE6497 /* Release */ = {
			isa = XCBuildConfiguration;
			buildSettings = {
				ALWAYS_SEARCH_USER_PATHS = NO;
				ASSETCATALOG_COMPILER_GENERATE_SWIFT_ASSET_SYMBOL_EXTENSIONS = YES;
				CLANG_ANALYZER_LOCALIZABILITY_NONLOCALIZED = YES;
				CLANG_ANALYZER_NONNULL = YES;
				CLANG_ANALYZER_NUMBER_OBJECT_CONVERSION = YES_AGGRESSIVE;
				CLANG_CXX_LANGUAGE_STANDARD = "gnu++20";
				CLANG_ENABLE_MODULES = YES;
				CLANG_ENABLE_OBJC_ARC = YES;
				CLANG_ENABLE_OBJC_WEAK = YES;
				CLANG_WARN_BLOCK_CAPTURE_AUTORELEASING = YES;
				CLANG_WARN_BOOL_CONVERSION = YES;
				CLANG_WARN_COMMA = YES;
				CLANG_WARN_CONSTANT_CONVERSION = YES;
				CLANG_WARN_DEPRECATED_OBJC_IMPLEMENTATIONS = YES;
				CLANG_WARN_DIRECT_OBJC_ISA_USAGE = YES_ERROR;
				CLANG_WARN_DOCUMENTATION_COMMENTS = YES;
				CLANG_WARN_EMPTY_BODY = YES;
				CLANG_WARN_ENUM_CONVERSION = YES;
				CLANG_WARN_INFINITE_RECURSION = YES;
				CLANG_WARN_INT_CONVERSION = YES;
				CLANG_WARN_NON_LITERAL_NULL_CONVERSION = YES;
				CLANG_WARN_OBJC_IMPLICIT_RETAIN_SELF = YES;
				CLANG_WARN_OBJC_LITERAL_CONVERSION = YES;
				CLANG_WARN_OBJC_ROOT_CLASS = YES_ERROR;
				CLANG_WARN_QUOTED_INCLUDE_IN_FRAMEWORK_HEADER = YES;
				CLANG_WARN_RANGE_LOOP_ANALYSIS = YES;
				CLANG_WARN_STRICT_PROTOTYPES = YES;
				CLANG_WARN_SUSPICIOUS_MOVE = YES;
				CLANG_WARN_UNGUARDED_AVAILABILITY = YES_AGGRESSIVE;
				CLANG_WARN_UNREACHABLE_CODE = YES;
				CLANG_WARN__DUPLICATE_METHOD_MATCH = YES;
				COPY_PHASE_STRIP = NO;
				DEBUG_INFORMATION_FORMAT = "dwarf-with-dsym";
				DEVELOPMENT_TEAM = 25FS3X3RCW;
				ENABLE_NS_ASSERTIONS = NO;
				ENABLE_STRICT_OBJC_MSGSEND = YES;
				ENABLE_USER_SCRIPT_SANDBOXING = YES;
				GCC_C_LANGUAGE_STANDARD = gnu17;
				GCC_NO_COMMON_BLOCKS = YES;
				GCC_WARN_64_TO_32_BIT_CONVERSION = YES;
				GCC_WARN_ABOUT_RETURN_TYPE = YES_ERROR;
				GCC_WARN_UNDECLARED_SELECTOR = YES;
				GCC_WARN_UNINITIALIZED_AUTOS = YES_AGGRESSIVE;
				GCC_WARN_UNUSED_FUNCTION = YES;
				GCC_WARN_UNUSED_VARIABLE = YES;
				IPHONEOS_DEPLOYMENT_TARGET = 26.1;
				LOCALIZATION_PREFERS_STRING_CATALOGS = YES;
				MTL_ENABLE_DEBUG_INFO = NO;
				MTL_FAST_MATH = YES;
				SDKROOT = iphoneos;
				STRING_CATALOG_GENERATE_SYMBOLS = YES;
				SWIFT_COMPILATION_MODE = wholemodule;
				SWIFT_EMIT_LOC_STRINGS = YES;
				VALIDATE_PRODUCT = YES;
			};
			name = Release;
		};
		F1FCEB572F28D60B00AE6497 /* Debug */ = {
			isa = XCBuildConfiguration;
			buildSettings = {
				ASSETCATALOG_COMPILER_APPICON_NAME = AppIcon;
				ASSETCATALOG_COMPILER_GLOBAL_ACCENT_COLOR_NAME = AccentColor;
				CODE_SIGN_STYLE = Automatic;
				CURRENT_PROJECT_VERSION = 1;
				DEVELOPMENT_TEAM = 25FS3X3RCW;
				ENABLE_PREVIEWS = YES;
				GENERATE_INFOPLIST_FILE = YES;
				INFOPLIST_FILE = "Noorine-Info.plist";
				INFOPLIST_KEY_LSApplicationCategoryType = "";
				INFOPLIST_KEY_NSMicrophoneUsageDescription = "Pour t'entendre prononcer les lettres.";
				INFOPLIST_KEY_NSSpeechRecognitionUsageDescription = "Pour vérifier ta prononciation.";
				INFOPLIST_KEY_UIApplicationSceneManifest_Generation = YES;
				INFOPLIST_KEY_UIApplicationSupportsIndirectInputEvents = YES;
				INFOPLIST_KEY_UILaunchScreen_Generation = YES;
				INFOPLIST_KEY_UISupportedInterfaceOrientations_iPad = "UIInterfaceOrientationPortrait UIInterfaceOrientationPortraitUpsideDown UIInterfaceOrientationLandscapeLeft UIInterfaceOrientationLandscapeRight";
				INFOPLIST_KEY_UISupportedInterfaceOrientations_iPhone = "UIInterfaceOrientationPortrait UIInterfaceOrientationLandscapeLeft UIInterfaceOrientationLandscapeRight";
				LD_RUNPATH_SEARCH_PATHS = (
					"$(inherited)",
					"@executable_path/Frameworks",
				);
				MARKETING_VERSION = 1.0;
				PRODUCT_BUNDLE_IDENTIFIER = com.yns.Noorine;
				PRODUCT_NAME = "$(TARGET_NAME)";
				STRING_CATALOG_GENERATE_SYMBOLS = YES;
				SWIFT_APPROACHABLE_CONCURRENCY = YES;
				SWIFT_DEFAULT_ACTOR_ISOLATION = MainActor;
				SWIFT_EMIT_LOC_STRINGS = YES;
				SWIFT_UPCOMING_FEATURE_MEMBER_IMPORT_VISIBILITY = YES;
				SWIFT_VERSION = 5.0;
				TARGETED_DEVICE_FAMILY = "1,2";
			};
			name = Debug;
		};
		F1FCEB582F28D60B00AE6497 /* Release */ = {
			isa = XCBuildConfiguration;
			buildSettings = {
				ASSETCATALOG_COMPILER_APPICON_NAME = AppIcon;
				ASSETCATALOG_COMPILER_GLOBAL_ACCENT_COLOR_NAME = AccentColor;
				CODE_SIGN_STYLE = Automatic;
				CURRENT_PROJECT_VERSION = 1;
				DEVELOPMENT_TEAM = 25FS3X3RCW;
				ENABLE_PREVIEWS = YES;
				GENERATE_INFOPLIST_FILE = YES;
				INFOPLIST_FILE = "Noorine-Info.plist";
				INFOPLIST_KEY_LSApplicationCategoryType = "";
				INFOPLIST_KEY_NSMicrophoneUsageDescription = "Pour t'entendre prononcer les lettres.";
				INFOPLIST_KEY_NSSpeechRecognitionUsageDescription = "Pour vérifier ta prononciation.";
				INFOPLIST_KEY_UIApplicationSceneManifest_Generation = YES;
				INFOPLIST_KEY_UIApplicationSupportsIndirectInputEvents = YES;
				INFOPLIST_KEY_UILaunchScreen_Generation = YES;
				INFOPLIST_KEY_UISupportedInterfaceOrientations_iPad = "UIInterfaceOrientationPortrait UIInterfaceOrientationPortraitUpsideDown UIInterfaceOrientationLandscapeLeft UIInterfaceOrientationLandscapeRight";
				INFOPLIST_KEY_UISupportedInterfaceOrientations_iPhone = "UIInterfaceOrientationPortrait UIInterfaceOrientationLandscapeLeft UIInterfaceOrientationLandscapeRight";
				LD_RUNPATH_SEARCH_PATHS = (
					"$(inherited)",
					"@executable_path/Frameworks",
				);
				MARKETING_VERSION = 1.0;
				PRODUCT_BUNDLE_IDENTIFIER = com.yns.Noorine;
				PRODUCT_NAME = "$(TARGET_NAME)";
				STRING_CATALOG_GENERATE_SYMBOLS = YES;
				SWIFT_APPROACHABLE_CONCURRENCY = YES;
				SWIFT_DEFAULT_ACTOR_ISOLATION = MainActor;
				SWIFT_EMIT_LOC_STRINGS = YES;
				SWIFT_UPCOMING_FEATURE_MEMBER_IMPORT_VISIBILITY = YES;
				SWIFT_VERSION = 5.0;
				TARGETED_DEVICE_FAMILY = "1,2";
			};
			name = Release;
		};
		F1FCEB5A2F28D60B00AE6497 /* Debug */ = {
			isa = XCBuildConfiguration;
			buildSettings = {
				BUNDLE_LOADER = "$(TEST_HOST)";
				CODE_SIGN_STYLE = Automatic;
				CURRENT_PROJECT_VERSION = 1;
				DEVELOPMENT_TEAM = 25FS3X3RCW;
				GENERATE_INFOPLIST_FILE = YES;
				IPHONEOS_DEPLOYMENT_TARGET = 26.1;
				MARKETING_VERSION = 1.0;
				PRODUCT_BUNDLE_IDENTIFIER = com.yns.NoorineTests;
				PRODUCT_NAME = "$(TARGET_NAME)";
				STRING_CATALOG_GENERATE_SYMBOLS = NO;
				SWIFT_APPROACHABLE_CONCURRENCY = YES;
				SWIFT_EMIT_LOC_STRINGS = NO;
				SWIFT_UPCOMING_FEATURE_MEMBER_IMPORT_VISIBILITY = YES;
				SWIFT_VERSION = 5.0;
				TARGETED_DEVICE_FAMILY = "1,2";
				TEST_HOST = "$(BUILT_PRODUCTS_DIR)/Noorine.app/$(BUNDLE_EXECUTABLE_FOLDER_PATH)/Noorine";
			};
			name = Debug;
		};
		F1FCEB5B2F28D60B00AE6497 /* Release */ = {
			isa = XCBuildConfiguration;
			buildSettings = {
				BUNDLE_LOADER = "$(TEST_HOST)";
				CODE_SIGN_STYLE = Automatic;
				CURRENT_PROJECT_VERSION = 1;
				DEVELOPMENT_TEAM = 25FS3X3RCW;
				GENERATE_INFOPLIST_FILE = YES;
				IPHONEOS_DEPLOYMENT_TARGET = 26.1;
				MARKETING_VERSION = 1.0;
				PRODUCT_BUNDLE_IDENTIFIER = com.yns.NoorineTests;
				PRODUCT_NAME = "$(TARGET_NAME)";
				STRING_CATALOG_GENERATE_SYMBOLS = NO;
				SWIFT_APPROACHABLE_CONCURRENCY = YES;
				SWIFT_EMIT_LOC_STRINGS = NO;
				SWIFT_UPCOMING_FEATURE_MEMBER_IMPORT_VISIBILITY = YES;
				SWIFT_VERSION = 5.0;
				TARGETED_DEVICE_FAMILY = "1,2";
				TEST_HOST = "$(BUILT_PRODUCTS_DIR)/Noorine.app/$(BUNDLE_EXECUTABLE_FOLDER_PATH)/Noorine";
			};
			name = Release;
		};
		F1FCEB5D2F28D60B00AE6497 /* Debug */ = {
			isa = XCBuildConfiguration;
			buildSettings = {
				CODE_SIGN_STYLE = Automatic;
				CURRENT_PROJECT_VERSION = 1;
				DEVELOPMENT_TEAM = 25FS3X3RCW;
				GENERATE_INFOPLIST_FILE = YES;
				MARKETING_VERSION = 1.0;
				PRODUCT_BUNDLE_IDENTIFIER = com.yns.NoorineUITests;
				PRODUCT_NAME = "$(TARGET_NAME)";
				STRING_CATALOG_GENERATE_SYMBOLS = NO;
				SWIFT_APPROACHABLE_CONCURRENCY = YES;
				SWIFT_EMIT_LOC_STRINGS = NO;
				SWIFT_UPCOMING_FEATURE_MEMBER_IMPORT_VISIBILITY = YES;
				SWIFT_VERSION = 5.0;
				TARGETED_DEVICE_FAMILY = "1,2";
				TEST_TARGET_NAME = Noorine;
			};
			name = Debug;
		};
		F1FCEB5E2F28D60B00AE6497 /* Release */ = {
			isa = XCBuildConfiguration;
			buildSettings = {
				CODE_SIGN_STYLE = Automatic;
				CURRENT_PROJECT_VERSION = 1;
				DEVELOPMENT_TEAM = 25FS3X3RCW;
				GENERATE_INFOPLIST_FILE = YES;
				MARKETING_VERSION = 1.0;
				PRODUCT_BUNDLE_IDENTIFIER = com.yns.NoorineUITests;
				PRODUCT_NAME = "$(TARGET_NAME)";
				STRING_CATALOG_GENERATE_SYMBOLS = NO;
				SWIFT_APPROACHABLE_CONCURRENCY = YES;
				SWIFT_EMIT_LOC_STRINGS = NO;
				SWIFT_UPCOMING_FEATURE_MEMBER_IMPORT_VISIBILITY = YES;
				SWIFT_VERSION = 5.0;
				TARGETED_DEVICE_FAMILY = "1,2";
				TEST_TARGET_NAME = Noorine;
			};
			name = Release;
		};
/* End XCBuildConfiguration section */

/* Begin XCConfigurationList section */
		F1FCEB2E2F28D60900AE6497 /* Build configuration list for PBXProject "Noorine" */ = {
			isa = XCConfigurationList;
			buildConfigurations = (
				F1FCEB542F28D60B00AE6497 /* Debug */,
				F1FCEB552F28D60B00AE6497 /* Release */,
			);
			defaultConfigurationIsVisible = 0;
			defaultConfigurationName = Release;
		};
		F1FCEB562F28D60B00AE6497 /* Build configuration list for PBXNativeTarget "Noorine" */ = {
			isa = XCConfigurationList;
			buildConfigurations = (
				F1FCEB572F28D60B00AE6497 /* Debug */,
				F1FCEB582F28D60B00AE6497 /* Release */,
			);
			defaultConfigurationIsVisible = 0;
			defaultConfigurationName = Release;
		};
		F1FCEB592F28D60B00AE6497 /* Build configuration list for PBXNativeTarget "NoorineTests" */ = {
			isa = XCConfigurationList;
			buildConfigurations = (
				F1FCEB5A2F28D60B00AE6497 /* Debug */,
				F1FCEB5B2F28D60B00AE6497 /* Release */,
			);
			defaultConfigurationIsVisible = 0;
			defaultConfigurationName = Release;
		};
		F1FCEB5C2F28D60B00AE6497 /* Build configuration list for PBXNativeTarget "NoorineUITests" */ = {
			isa = XCConfigurationList;
			buildConfigurations = (
				F1FCEB5D2F28D60B00AE6497 /* Debug */,
				F1FCEB5E2F28D60B00AE6497 /* Release */,
			);
			defaultConfigurationIsVisible = 0;
			defaultConfigurationName = Release;
		};
/* End XCConfigurationList section */
	};
	rootObject = F1FCEB2B2F28D60900AE6497 /* Project object */;
}
